
Microsoft Visual Studio Solution File, Format Version 12.00
# Visual Studio Version 16
VisualStudioVersion = 16.0.30717.126
MinimumVisualStudioVersion = 10.0.40219.1
Project("{9A19103F-16F7-4668-BE54-9A1E7A4F7556}") = "DistLockNet", "DistLockNet.csproj", "{C9E8B992-7069-4477-9CD5-B29C4880D319}"
EndProject
Project("{9A19103F-16F7-4668-BE54-9A1E7A4F7556}") = "DistLockNet.UnitTest", "..\DistLockNet.UnitTest\DistLockNet.UnitTest.csproj", "{0FB7245D-527E-4765-A268-AD8CC99E00A0}"
EndProject
Project("{9A19103F-16F7-4668-BE54-9A1E7A4F7556}") = "DistLockNet.SqlBackend", "..\DistLockNet.SqlBackend\DistLockNet.SqlBackend.csproj", "{CE2F25F5-C0EC-4747-B8FA-9F639D6C9CD1}"
EndProject
Project("{9A19103F-16F7-4668-BE54-9A1E7A4F7556}") = "DistLockNet.RedisBackend", "..\DistLockNet.RedisBackend\DistLockNet.RedisBackend.csproj", "{BD83C8C0-72F0-4973-A406-933845459324}"
EndProject
Project("{FAE04EC0-301F-11D3-BF4B-00C04F79EFBC}") = "DistLockTestConsole", "..\DistLockTestConsole\DistLockTestConsole.csproj", "{90E79075-FFCA-4AC6-B861-00715F783724}"
EndProject
Global
	GlobalSection(SolutionConfigurationPlatforms) = preSolution
		Debug|Any CPU = Debug|Any CPU
		Release|Any CPU = Release|Any CPU
	EndGlobalSection
	GlobalSection(ProjectConfigurationPlatforms) = postSolution
		{C9E8B992-7069-4477-9CD5-B29C4880D319}.Debug|Any CPU.ActiveCfg = Debug|Any CPU
		{C9E8B992-7069-4477-9CD5-B29C4880D319}.Debug|Any CPU.Build.0 = Debug|Any CPU
		{C9E8B992-7069-4477-9CD5-B29C4880D319}.Release|Any CPU.ActiveCfg = Release|Any CPU
		{C9E8B992-7069-4477-9CD5-B29C4880D319}.Release|Any CPU.Build.0 = Release|Any CPU
		{0FB7245D-527E-4765-A268-AD8CC99E00A0}.Debug|Any CPU.ActiveCfg = Debug|Any CPU
		{0FB7245D-527E-4765-A268-AD8CC99E00A0}.Debug|Any CPU.Build.0 = Debug|Any CPU
		{0FB7245D-527E-4765-A268-AD8CC99E00A0}.Release|Any CPU.ActiveCfg = Release|Any CPU
		{0FB7245D-527E-4765-A268-AD8CC99E00A0}.Release|Any CPU.Build.0 = Release|Any CPU
		{CE2F25F5-C0EC-4747-B8FA-9F639D6C9CD1}.Debug|Any CPU.ActiveCfg = Debug|Any CPU
		{CE2F25F5-C0EC-4747-B8FA-9F639D6C9CD1}.Debug|Any CPU.Build.0 = Debug|Any CPU
		{CE2F25F5-C0EC-4747-B8FA-9F639D6C9CD1}.Release|Any CPU.ActiveCfg = Release|Any CPU
		{CE2F25F5-C0EC-4747-B8FA-9F639D6C9CD1}.Release|Any CPU.Build.0 = Release|Any CPU
		{BD83C8C0-72F0-4973-A406-933845459324}.Debug|Any CPU.ActiveCfg = Debug|Any CPU
		{BD83C8C0-72F0-4973-A406-933845459324}.Debug|Any CPU.Build.0 = Debug|Any CPU
		{BD83C8C0-72F0-4973-A406-933845459324}.Release|Any CPU.ActiveCfg = Release|Any CPU
		{BD83C8C0-72F0-4973-A406-933845459324}.Release|Any CPU.Build.0 = Release|Any CPU
		{90E79075-FFCA-4AC6-B861-00715F783724}.Debug|Any CPU.ActiveCfg = Debug|Any CPU
		{90E79075-FFCA-4AC6-B861-00715F783724}.Debug|Any CPU.Build.0 = Debug|Any CPU
		{90E79075-FFCA-4AC6-B861-00715F783724}.Release|Any CPU.ActiveCfg = Release|Any CPU
		{90E79075-FFCA-4AC6-B861-00715F783724}.Release|Any CPU.Build.0 = Release|Any CPU
	EndGlobalSection
	GlobalSection(SolutionProperties) = preSolution
		HideSolutionNode = FALSE
	EndGlobalSection
	GlobalSection(ExtensibilityGlobals) = postSolution
		SolutionGuid = {156D66B0-A80F-47B5-AE7D-773DB3865A91}
	EndGlobalSection
EndGlobal
