
Microsoft Visual Studio Solution File, Format Version 12.00
# Visual Studio Version 16
VisualStudioVersion = 16.0.30717.126
MinimumVisualStudioVersion = 10.0.40219.1
Project("{9A19103F-16F7-4668-BE54-9A1E7A4F7556}") = "DistLockNet", "DistLockNet\DistLockNet.csproj", "{F15E8A29-67BC-445B-AA82-7C7ABB245836}"
EndProject
Project("{9A19103F-16F7-4668-BE54-9A1E7A4F7556}") = "DistLockNet.SqlBackend", "DistLockNet.SqlBackend\DistLockNet.SqlBackend.csproj", "{A4255392-B60F-4A30-95E7-CA108535ABB7}"
EndProject
Project("{9A19103F-16F7-4668-BE54-9A1E7A4F7556}") = "DistLockTestConsole", "DistLockTestConsole\DistLockTestConsole.csproj", "{E37A0048-B1C2-45E1-8803-CF8A11B8D399}"
EndProject
Project("{9A19103F-16F7-4668-BE54-9A1E7A4F7556}") = "DistLockNet.UnitTest", "DistLockNet.UnitTest\DistLockNet.UnitTest.csproj", "{A170FFFD-16F5-4BCD-A5E6-EABF6FC03C00}"
EndProject
Project("{9A19103F-16F7-4668-BE54-9A1E7A4F7556}") = "DistLockNet.SqlBackend.Tests", "DistLockNet.SqlBackend.Tests\DistLockNet.SqlBackend.Tests.csproj", "{F2179048-6443-4A02-B0AF-7FBBB722F3EE}"
EndProject
Project("{FAE04EC0-301F-11D3-BF4B-00C04F79EFBC}") = "DistLockNet.CouchBackend", "DistLockNet.CouchBackend\DistLockNet.CouchBackend.csproj", "{A9212C5F-7A9F-4EF9-9B79-91E631313781}"
EndProject
Project("{FAE04EC0-301F-11D3-BF4B-00C04F79EFBC}") = "DistLockNet.CouchBackend.Tests", "DistLockNet.CouchBackend.Tests\DistLockNet.CouchBackend.Tests.csproj", "{B9D795D8-ABFB-49C4-9D4F-F37900CF6D54}"
EndProject
Global
	GlobalSection(SolutionConfigurationPlatforms) = preSolution
		Debug|Any CPU = Debug|Any CPU
		Release|Any CPU = Release|Any CPU
	EndGlobalSection
	GlobalSection(ProjectConfigurationPlatforms) = postSolution
		{F15E8A29-67BC-445B-AA82-7C7ABB245836}.Debug|Any CPU.ActiveCfg = Debug|Any CPU
		{F15E8A29-67BC-445B-AA82-7C7ABB245836}.Debug|Any CPU.Build.0 = Debug|Any CPU
		{F15E8A29-67BC-445B-AA82-7C7ABB245836}.Release|Any CPU.ActiveCfg = Release|Any CPU
		{F15E8A29-67BC-445B-AA82-7C7ABB245836}.Release|Any CPU.Build.0 = Release|Any CPU
		{A4255392-B60F-4A30-95E7-CA108535ABB7}.Debug|Any CPU.ActiveCfg = Debug|Any CPU
		{A4255392-B60F-4A30-95E7-CA108535ABB7}.Debug|Any CPU.Build.0 = Debug|Any CPU
		{A4255392-B60F-4A30-95E7-CA108535ABB7}.Release|Any CPU.ActiveCfg = Release|Any CPU
		{A4255392-B60F-4A30-95E7-CA108535ABB7}.Release|Any CPU.Build.0 = Release|Any CPU
		{E37A0048-B1C2-45E1-8803-CF8A11B8D399}.Debug|Any CPU.ActiveCfg = Debug|Any CPU
		{E37A0048-B1C2-45E1-8803-CF8A11B8D399}.Debug|Any CPU.Build.0 = Debug|Any CPU
		{E37A0048-B1C2-45E1-8803-CF8A11B8D399}.Release|Any CPU.ActiveCfg = Release|Any CPU
		{E37A0048-B1C2-45E1-8803-CF8A11B8D399}.Release|Any CPU.Build.0 = Release|Any CPU
		{A170FFFD-16F5-4BCD-A5E6-EABF6FC03C00}.Debug|Any CPU.ActiveCfg = Debug|Any CPU
		{A170FFFD-16F5-4BCD-A5E6-EABF6FC03C00}.Debug|Any CPU.Build.0 = Debug|Any CPU
		{A170FFFD-16F5-4BCD-A5E6-EABF6FC03C00}.Release|Any CPU.ActiveCfg = Release|Any CPU
		{A170FFFD-16F5-4BCD-A5E6-EABF6FC03C00}.Release|Any CPU.Build.0 = Release|Any CPU
		{F2179048-6443-4A02-B0AF-7FBBB722F3EE}.Debug|Any CPU.ActiveCfg = Debug|Any CPU
		{F2179048-6443-4A02-B0AF-7FBBB722F3EE}.Debug|Any CPU.Build.0 = Debug|Any CPU
		{F2179048-6443-4A02-B0AF-7FBBB722F3EE}.Release|Any CPU.ActiveCfg = Release|Any CPU
		{F2179048-6443-4A02-B0AF-7FBBB722F3EE}.Release|Any CPU.Build.0 = Release|Any CPU
		{A9212C5F-7A9F-4EF9-9B79-91E631313781}.Debug|Any CPU.ActiveCfg = Debug|Any CPU
		{A9212C5F-7A9F-4EF9-9B79-91E631313781}.Debug|Any CPU.Build.0 = Debug|Any CPU
		{A9212C5F-7A9F-4EF9-9B79-91E631313781}.Release|Any CPU.ActiveCfg = Release|Any CPU
		{A9212C5F-7A9F-4EF9-9B79-91E631313781}.Release|Any CPU.Build.0 = Release|Any CPU
		{B9D795D8-ABFB-49C4-9D4F-F37900CF6D54}.Debug|Any CPU.ActiveCfg = Debug|Any CPU
		{B9D795D8-ABFB-49C4-9D4F-F37900CF6D54}.Debug|Any CPU.Build.0 = Debug|Any CPU
		{B9D795D8-ABFB-49C4-9D4F-F37900CF6D54}.Release|Any CPU.ActiveCfg = Release|Any CPU
		{B9D795D8-ABFB-49C4-9D4F-F37900CF6D54}.Release|Any CPU.Build.0 = Release|Any CPU
	EndGlobalSection
	GlobalSection(SolutionProperties) = preSolution
		HideSolutionNode = FALSE
	EndGlobalSection
	GlobalSection(ExtensibilityGlobals) = postSolution
		SolutionGuid = {156D66B0-A80F-47B5-AE7D-773DB3865A91}
	EndGlobalSection
EndGlobal
